
Microsoft Visual Studio Solution File, Format Version 12.00
# Visual Studio Version 16
VisualStudioVersion = 16.0.30621.155
MinimumVisualStudioVersion = 10.0.40219.1
Project("{8BC9CEB8-8B4A-11D0-8D11-00A0C91BC942}") = "5 лабораторная", "5 лабораторная\5 лабораторная.vcxproj", "{CE1D8897-7D41-4065-B2E1-5DF30E3164E9}"
EndProject
Global
	GlobalSection(SolutionConfigurationPlatforms) = preSolution
		Debug|x64 = Debug|x64
		Debug|x86 = Debug|x86
		Release|x64 = Release|x64
		Release|x86 = Release|x86
	EndGlobalSection
	GlobalSection(ProjectConfigurationPlatforms) = postSolution
		{CE1D8897-7D41-4065-B2E1-5DF30E3164E9}.Debug|x64.ActiveCfg = Debug|x64
		{CE1D8897-7D41-4065-B2E1-5DF30E3164E9}.Debug|x64.Build.0 = Debug|x64
		{CE1D8897-7D41-4065-B2E1-5DF30E3164E9}.Debug|x86.ActiveCfg = Debug|Win32
		{CE1D8897-7D41-4065-B2E1-5DF30E3164E9}.Debug|x86.Build.0 = Debug|Win32
		{CE1D8897-7D41-4065-B2E1-5DF30E3164E9}.Release|x64.ActiveCfg = Release|x64
		{CE1D8897-7D41-4065-B2E1-5DF30E3164E9}.Release|x64.Build.0 = Release|x64
		{CE1D8897-7D41-4065-B2E1-5DF30E3164E9}.Release|x86.ActiveCfg = Release|Win32
		{CE1D8897-7D41-4065-B2E1-5DF30E3164E9}.Release|x86.Build.0 = Release|Win32
	EndGlobalSection
	GlobalSection(SolutionProperties) = preSolution
		HideSolutionNode = FALSE
	EndGlobalSection
	GlobalSection(ExtensibilityGlobals) = postSolution
		SolutionGuid = {0CC0C6CC-0940-4FA4-B032-52AA3E8E231E}
	EndGlobalSection
EndGlobal
